
Microsoft Visual Studio Solution File, Format Version 9.00
# Visual Studio 2005
Project("{8BC9CEB8-8B4A-11D0-8D11-00A0C91BC942}") = "LdwParser", "LdwParser\LdwParser.vcproj", "{83591C6E-2F05-4863-9D97-731B94E7C508}"
EndProject
Global
	GlobalSection(SolutionConfigurationPlatforms) = preSolution
		Debug|Win32 = Debug|Win32
		Release|Win32 = Release|Win32
	EndGlobalSection
	GlobalSection(ProjectConfigurationPlatforms) = postSolution
		{83591C6E-2F05-4863-9D97-731B94E7C508}.Debug|Win32.ActiveCfg = Debug|Win32
		{83591C6E-2F05-4863-9D97-731B94E7C508}.Debug|Win32.Build.0 = Debug|Win32
		{83591C6E-2F05-4863-9D97-731B94E7C508}.Release|Win32.ActiveCfg = Release|Win32
		{83591C6E-2F05-4863-9D97-731B94E7C508}.Release|Win32.Build.0 = Release|Win32
	EndGlobalSection
	GlobalSection(SolutionProperties) = preSolution
		HideSolutionNode = FALSE
	EndGlobalSection
EndGlobal
