
Microsoft Visual Studio Solution File, Format Version 10.00
# Visual Studio 2008
Project("{FAE04EC0-301F-11D3-BF4B-00C04F79EFBC}") = "CutOptima", "CutOptima\CutOptima.csproj", "{F6351957-19CA-4158-8B33-E328C828A20F}"
EndProject
Project("{FAE04EC0-301F-11D3-BF4B-00C04F79EFBC}") = "LC4Parser", "LC4Parser\LC4Parser.csproj", "{83C5C11C-F1CA-4792-A4FF-810DCA49F20E}"
EndProject
Project("{FAE04EC0-301F-11D3-BF4B-00C04F79EFBC}") = "CuttingConvertors", "CuttingConvertors\CuttingConvertors.csproj", "{F0A96F25-13FA-450C-8A08-14F7868B5570}"
EndProject
Project("{FAE04EC0-301F-11D3-BF4B-00C04F79EFBC}") = "CuttingOptimizing", "CuttingOptimizing\CuttingOptimizing.csproj", "{74F40B10-CA86-4DD8-887C-7F7AFC6013B5}"
EndProject
Project("{8BC9CEB8-8B4A-11D0-8D11-00A0C91BC942}") = "CuttingOptimizer", "CuttingOptimizer\CuttingOptimizer.vcproj", "{E3D1B48A-C56C-4C17-A001-DB8C9AB9221C}"
EndProject
Project("{FAE04EC0-301F-11D3-BF4B-00C04F79EFBC}") = "CuttingScheme", "CuttingScheme\CuttingScheme.csproj", "{64E4F13E-4F2E-4E6D-91AB-E3DF9502E0D4}"
EndProject
Project("{FAE04EC0-301F-11D3-BF4B-00C04F79EFBC}") = "Testing", "Testing\Testing.csproj", "{AEA7FED9-B0AF-402E-88E2-5B53C15ED7D1}"
EndProject
Global
	GlobalSection(SolutionConfigurationPlatforms) = preSolution
		Debug|Any CPU = Debug|Any CPU
		Debug|x64 = Debug|x64
		Debug|x86 = Debug|x86
		Release|Any CPU = Release|Any CPU
		Release|x64 = Release|x64
		Release|x86 = Release|x86
	EndGlobalSection
	GlobalSection(ProjectConfigurationPlatforms) = postSolution
		{F6351957-19CA-4158-8B33-E328C828A20F}.Debug|Any CPU.ActiveCfg = Debug|Any CPU
		{F6351957-19CA-4158-8B33-E328C828A20F}.Debug|Any CPU.Build.0 = Debug|Any CPU
		{F6351957-19CA-4158-8B33-E328C828A20F}.Debug|x64.ActiveCfg = Debug|x64
		{F6351957-19CA-4158-8B33-E328C828A20F}.Debug|x64.Build.0 = Debug|x64
		{F6351957-19CA-4158-8B33-E328C828A20F}.Debug|x86.ActiveCfg = Debug|x86
		{F6351957-19CA-4158-8B33-E328C828A20F}.Debug|x86.Build.0 = Debug|x86
		{F6351957-19CA-4158-8B33-E328C828A20F}.Release|Any CPU.ActiveCfg = Release|Any CPU
		{F6351957-19CA-4158-8B33-E328C828A20F}.Release|Any CPU.Build.0 = Release|Any CPU
		{F6351957-19CA-4158-8B33-E328C828A20F}.Release|x64.ActiveCfg = Release|x64
		{F6351957-19CA-4158-8B33-E328C828A20F}.Release|x64.Build.0 = Release|x64
		{F6351957-19CA-4158-8B33-E328C828A20F}.Release|x86.ActiveCfg = Release|x86
		{F6351957-19CA-4158-8B33-E328C828A20F}.Release|x86.Build.0 = Release|x86
		{83C5C11C-F1CA-4792-A4FF-810DCA49F20E}.Debug|Any CPU.ActiveCfg = Debug|Any CPU
		{83C5C11C-F1CA-4792-A4FF-810DCA49F20E}.Debug|Any CPU.Build.0 = Debug|Any CPU
		{83C5C11C-F1CA-4792-A4FF-810DCA49F20E}.Debug|x64.ActiveCfg = Debug|x64
		{83C5C11C-F1CA-4792-A4FF-810DCA49F20E}.Debug|x64.Build.0 = Debug|x64
		{83C5C11C-F1CA-4792-A4FF-810DCA49F20E}.Debug|x86.ActiveCfg = Debug|x86
		{83C5C11C-F1CA-4792-A4FF-810DCA49F20E}.Debug|x86.Build.0 = Debug|x86
		{83C5C11C-F1CA-4792-A4FF-810DCA49F20E}.Release|Any CPU.ActiveCfg = Release|Any CPU
		{83C5C11C-F1CA-4792-A4FF-810DCA49F20E}.Release|Any CPU.Build.0 = Release|Any CPU
		{83C5C11C-F1CA-4792-A4FF-810DCA49F20E}.Release|x64.ActiveCfg = Release|x64
		{83C5C11C-F1CA-4792-A4FF-810DCA49F20E}.Release|x64.Build.0 = Release|x64
		{83C5C11C-F1CA-4792-A4FF-810DCA49F20E}.Release|x86.ActiveCfg = Release|x86
		{83C5C11C-F1CA-4792-A4FF-810DCA49F20E}.Release|x86.Build.0 = Release|x86
		{F0A96F25-13FA-450C-8A08-14F7868B5570}.Debug|Any CPU.ActiveCfg = Debug|Any CPU
		{F0A96F25-13FA-450C-8A08-14F7868B5570}.Debug|Any CPU.Build.0 = Debug|Any CPU
		{F0A96F25-13FA-450C-8A08-14F7868B5570}.Debug|x64.ActiveCfg = Debug|x64
		{F0A96F25-13FA-450C-8A08-14F7868B5570}.Debug|x64.Build.0 = Debug|x64
		{F0A96F25-13FA-450C-8A08-14F7868B5570}.Debug|x86.ActiveCfg = Debug|x86
		{F0A96F25-13FA-450C-8A08-14F7868B5570}.Debug|x86.Build.0 = Debug|x86
		{F0A96F25-13FA-450C-8A08-14F7868B5570}.Release|Any CPU.ActiveCfg = Release|Any CPU
		{F0A96F25-13FA-450C-8A08-14F7868B5570}.Release|Any CPU.Build.0 = Release|Any CPU
		{F0A96F25-13FA-450C-8A08-14F7868B5570}.Release|x64.ActiveCfg = Release|x64
		{F0A96F25-13FA-450C-8A08-14F7868B5570}.Release|x64.Build.0 = Release|x64
		{F0A96F25-13FA-450C-8A08-14F7868B5570}.Release|x86.ActiveCfg = Release|x86
		{F0A96F25-13FA-450C-8A08-14F7868B5570}.Release|x86.Build.0 = Release|x86
		{74F40B10-CA86-4DD8-887C-7F7AFC6013B5}.Debug|Any CPU.ActiveCfg = Debug|Any CPU
		{74F40B10-CA86-4DD8-887C-7F7AFC6013B5}.Debug|Any CPU.Build.0 = Debug|Any CPU
		{74F40B10-CA86-4DD8-887C-7F7AFC6013B5}.Debug|x64.ActiveCfg = Debug|x64
		{74F40B10-CA86-4DD8-887C-7F7AFC6013B5}.Debug|x64.Build.0 = Debug|x64
		{74F40B10-CA86-4DD8-887C-7F7AFC6013B5}.Debug|x86.ActiveCfg = Debug|x86
		{74F40B10-CA86-4DD8-887C-7F7AFC6013B5}.Debug|x86.Build.0 = Debug|x86
		{74F40B10-CA86-4DD8-887C-7F7AFC6013B5}.Release|Any CPU.ActiveCfg = Release|Any CPU
		{74F40B10-CA86-4DD8-887C-7F7AFC6013B5}.Release|Any CPU.Build.0 = Release|Any CPU
		{74F40B10-CA86-4DD8-887C-7F7AFC6013B5}.Release|x64.ActiveCfg = Release|x64
		{74F40B10-CA86-4DD8-887C-7F7AFC6013B5}.Release|x64.Build.0 = Release|x64
		{74F40B10-CA86-4DD8-887C-7F7AFC6013B5}.Release|x86.ActiveCfg = Release|x86
		{74F40B10-CA86-4DD8-887C-7F7AFC6013B5}.Release|x86.Build.0 = Release|x86
		{E3D1B48A-C56C-4C17-A001-DB8C9AB9221C}.Debug|Any CPU.ActiveCfg = Debug|Win32
		{E3D1B48A-C56C-4C17-A001-DB8C9AB9221C}.Debug|x64.ActiveCfg = Debug|x64
		{E3D1B48A-C56C-4C17-A001-DB8C9AB9221C}.Debug|x86.ActiveCfg = Debug|Win32
		{E3D1B48A-C56C-4C17-A001-DB8C9AB9221C}.Debug|x86.Build.0 = Debug|Win32
		{E3D1B48A-C56C-4C17-A001-DB8C9AB9221C}.Release|Any CPU.ActiveCfg = Release|x64
		{E3D1B48A-C56C-4C17-A001-DB8C9AB9221C}.Release|x64.ActiveCfg = Release|x64
		{E3D1B48A-C56C-4C17-A001-DB8C9AB9221C}.Release|x86.ActiveCfg = Release|Win32
		{64E4F13E-4F2E-4E6D-91AB-E3DF9502E0D4}.Debug|Any CPU.ActiveCfg = Debug|Any CPU
		{64E4F13E-4F2E-4E6D-91AB-E3DF9502E0D4}.Debug|Any CPU.Build.0 = Debug|Any CPU
		{64E4F13E-4F2E-4E6D-91AB-E3DF9502E0D4}.Debug|x64.ActiveCfg = Debug|x64
		{64E4F13E-4F2E-4E6D-91AB-E3DF9502E0D4}.Debug|x64.Build.0 = Debug|x64
		{64E4F13E-4F2E-4E6D-91AB-E3DF9502E0D4}.Debug|x86.ActiveCfg = Debug|x86
		{64E4F13E-4F2E-4E6D-91AB-E3DF9502E0D4}.Debug|x86.Build.0 = Debug|x86
		{64E4F13E-4F2E-4E6D-91AB-E3DF9502E0D4}.Release|Any CPU.ActiveCfg = Release|Any CPU
		{64E4F13E-4F2E-4E6D-91AB-E3DF9502E0D4}.Release|Any CPU.Build.0 = Release|Any CPU
		{64E4F13E-4F2E-4E6D-91AB-E3DF9502E0D4}.Release|x64.ActiveCfg = Release|x64
		{64E4F13E-4F2E-4E6D-91AB-E3DF9502E0D4}.Release|x64.Build.0 = Release|x64
		{64E4F13E-4F2E-4E6D-91AB-E3DF9502E0D4}.Release|x86.ActiveCfg = Release|x86
		{64E4F13E-4F2E-4E6D-91AB-E3DF9502E0D4}.Release|x86.Build.0 = Release|x86
		{AEA7FED9-B0AF-402E-88E2-5B53C15ED7D1}.Debug|Any CPU.ActiveCfg = Debug|Any CPU
		{AEA7FED9-B0AF-402E-88E2-5B53C15ED7D1}.Debug|Any CPU.Build.0 = Debug|Any CPU
		{AEA7FED9-B0AF-402E-88E2-5B53C15ED7D1}.Debug|x64.ActiveCfg = Debug|x64
		{AEA7FED9-B0AF-402E-88E2-5B53C15ED7D1}.Debug|x64.Build.0 = Debug|x64
		{AEA7FED9-B0AF-402E-88E2-5B53C15ED7D1}.Debug|x86.ActiveCfg = Debug|x86
		{AEA7FED9-B0AF-402E-88E2-5B53C15ED7D1}.Debug|x86.Build.0 = Debug|x86
		{AEA7FED9-B0AF-402E-88E2-5B53C15ED7D1}.Release|Any CPU.ActiveCfg = Release|Any CPU
		{AEA7FED9-B0AF-402E-88E2-5B53C15ED7D1}.Release|Any CPU.Build.0 = Release|Any CPU
		{AEA7FED9-B0AF-402E-88E2-5B53C15ED7D1}.Release|x64.ActiveCfg = Release|x64
		{AEA7FED9-B0AF-402E-88E2-5B53C15ED7D1}.Release|x64.Build.0 = Release|x64
		{AEA7FED9-B0AF-402E-88E2-5B53C15ED7D1}.Release|x86.ActiveCfg = Release|x86
		{AEA7FED9-B0AF-402E-88E2-5B53C15ED7D1}.Release|x86.Build.0 = Release|x86
	EndGlobalSection
	GlobalSection(SolutionProperties) = preSolution
		HideSolutionNode = FALSE
	EndGlobalSection
EndGlobal
