<?xml version="1.0" encoding="utf-8"?>
<Project ToolsVersion="4.0" xmlns="http://schemas.microsoft.com/developer/msbuild/2003">
  <ItemGroup>
    <Filter Include="Source Files">
      <UniqueIdentifier>{4FC737F1-C7A5-4376-A066-2A32D752A2FF}</UniqueIdentifier>
      <Extensions>cpp;c;cc;cxx;def;odl;idl;hpj;bat;asm;asmx</Extensions>
    </Filter>
    <Filter Include="Header Files">
      <UniqueIdentifier>{93995380-89BD-4b04-88EB-625FBE52EBFB}</UniqueIdentifier>
      <Extensions>h;hpp;hxx;hm;inl;inc;xsd</Extensions>
    </Filter>
    <Filter Include="Resource Files">
      <UniqueIdentifier>{67DA6AB6-F800-4c08-8B7A-83BB121AAD01}</UniqueIdentifier>
      <Extensions>rc;ico;cur;bmp;dlg;rc2;rct;bin;rgs;gif;jpg;jpeg;jpe;resx;tiff;tif;png;wav;mfcribbon-ms</Extensions>
    </Filter>
  </ItemGroup>
  <ItemGroup>
    <ClCompile Include="COMRaskroy.cpp">
      <Filter>Source Files</Filter>
    </ClCompile>
    <ClCompile Include="COMRaskroy_i.c">
      <Filter>Source Files</Filter>
    </ClCompile>
    <ClCompile Include="COMRaskroy_p.c">
      <Filter>Source Files</Filter>
    </ClCompile>
    <ClCompile Include="convertors.cpp">
      <Filter>Source Files</Filter>
    </ClCompile>
    <ClCompile Include="dlldata.c">
      <Filter>Source Files</Filter>
    </ClCompile>
    <ClCompile Include="ParsedCut.cpp">
      <Filter>Source Files</Filter>
    </ClCompile>
    <ClCompile Include="ParsedCuts.cpp">
      <Filter>Source Files</Filter>
    </ClCompile>
    <ClCompile Include="ParsedPart.cpp">
      <Filter>Source Files</Filter>
    </ClCompile>
    <ClCompile Include="ParsedParts.cpp">
      <Filter>Source Files</Filter>
    </ClCompile>
    <ClCompile Include="Raskroy.cpp">
      <Filter>Source Files</Filter>
    </ClCompile>
    <ClCompile Include="Result.cpp">
      <Filter>Source Files</Filter>
    </ClCompile>
    <ClCompile Include="ResultView.cpp">
      <Filter>Source Files</Filter>
    </ClCompile>
    <ClCompile Include="Sheet.cpp">
      <Filter>Source Files</Filter>
    </ClCompile>
    <ClCompile Include="Sheets.cpp">
      <Filter>Source Files</Filter>
    </ClCompile>
    <ClCompile Include="Statistic.cpp">
      <Filter>Source Files</Filter>
    </ClCompile>
    <ClCompile Include="StdAfx.cpp">
      <Filter>Source Files</Filter>
    </ClCompile>
  </ItemGroup>
  <ItemGroup>
    <ClInclude Include="COMRaskroy.h">
      <Filter>Header Files</Filter>
    </ClInclude>
    <ClInclude Include="convertors.h">
      <Filter>Header Files</Filter>
    </ClInclude>
    <ClInclude Include="errors.h">
      <Filter>Header Files</Filter>
    </ClInclude>
    <ClInclude Include="ParsedCut.h">
      <Filter>Header Files</Filter>
    </ClInclude>
    <ClInclude Include="ParsedCuts.h">
      <Filter>Header Files</Filter>
    </ClInclude>
    <ClInclude Include="ParsedPart.h">
      <Filter>Header Files</Filter>
    </ClInclude>
    <ClInclude Include="ParsedParts.h">
      <Filter>Header Files</Filter>
    </ClInclude>
    <ClInclude Include="Raskroy.h">
      <Filter>Header Files</Filter>
    </ClInclude>
    <ClInclude Include="resource.h">
      <Filter>Header Files</Filter>
    </ClInclude>
    <ClInclude Include="Result.h">
      <Filter>Header Files</Filter>
    </ClInclude>
    <ClInclude Include="ResultView.h">
      <Filter>Header Files</Filter>
    </ClInclude>
    <ClInclude Include="Sheet.h">
      <Filter>Header Files</Filter>
    </ClInclude>
    <ClInclude Include="Sheets.h">
      <Filter>Header Files</Filter>
    </ClInclude>
    <ClInclude Include="Statistic.h">
      <Filter>Header Files</Filter>
    </ClInclude>
    <ClInclude Include="StdAfx.h">
      <Filter>Header Files</Filter>
    </ClInclude>
  </ItemGroup>
  <ItemGroup>
    <Midl Include="COMRaskroy.idl">
      <Filter>Source Files</Filter>
    </Midl>
  </ItemGroup>
  <ItemGroup>
    <ResourceCompile Include="COMRaskroy.rc">
      <Filter>Resource Files</Filter>
    </ResourceCompile>
  </ItemGroup>
</Project>