Microsoft Visual Studio Solution File, Format Version 8.00
Project("{8BC9CEB8-8B4A-11D0-8D11-00A0C91BC942}") = "COMRaskroy", "COM\COMRaskroy.vcproj", "{B8CB01BA-150C-4A9A-9A4B-2E219F236C67}"
	ProjectSection(ProjectDependencies) = postProject
	EndProjectSection
EndProject
Project("{F184B08F-C81C-45F6-A57F-5ABD9991F28F}") = "ModelingRaskroy", "ModelingRaskroy\ModelingRaskroy.vbproj", "{AF94A5BA-EB98-44E9-95D7-D538453B3835}"
	ProjectSection(ProjectDependencies) = postProject
	EndProjectSection
EndProject
Project("{8BC9CEB8-8B4A-11D0-8D11-00A0C91BC942}") = "Planer", "Planer\Planer.vcproj", "{9847D2D2-52A1-4797-A950-9BD1E0D28515}"
	ProjectSection(ProjectDependencies) = postProject
	EndProjectSection
EndProject
Project("{8BC9CEB8-8B4A-11D0-8D11-00A0C91BC942}") = "test", "test.vcproj", "{6DF9EF9B-D557-4298-97A8-6895B167FD2F}"
	ProjectSection(ProjectDependencies) = postProject
	EndProjectSection
EndProject
Global
	GlobalSection(SourceCodeControl) = preSolution
		SccNumberOfProjects = 5
		SccLocalPath0 = .
		CanCheckoutShared = false
		SolutionUniqueID = {6BDB5BE9-B48C-4FF7-BDEB-FFB932B3F004}
		SccProjectUniqueName1 = COM\\COMRaskroy.vcproj
		SccProjectName1 = \u0022$/Denisenko/Raskroy/COM\u0022,\u0020AXBAAAAA
		SccLocalPath1 = COM
		CanCheckoutShared = false
		SccProjectUniqueName2 = ModelingRaskroy\\ModelingRaskroy.vbproj
		SccProjectName2 = \u0022$/Denisenko/Raskroy/ModelingRaskroy\u0022,\u0020BXBAAAAA
		SccLocalPath2 = ModelingRaskroy
		CanCheckoutShared = false
		SccProjectUniqueName3 = Planer\\Planer.vcproj
		SccProjectName3 = \u0022$/Denisenko/Raskroy/Planer\u0022,\u0020CXBAAAAA
		SccLocalPath3 = Planer
		CanCheckoutShared = false
		SccProjectUniqueName4 = test.vcproj
		SccLocalPath4 = .
		CanCheckoutShared = false
	EndGlobalSection
	GlobalSection(SolutionConfiguration) = preSolution
		Debug = Debug
		Release = Release
		Release MinDependency = Release MinDependency
		Release MinSize = Release MinSize
		Unicode Debug = Unicode Debug
		Unicode Release MinDependency = Unicode Release MinDependency
		Unicode Release MinSize = Unicode Release MinSize
	EndGlobalSection
	GlobalSection(ProjectConfiguration) = postSolution
		{B8CB01BA-150C-4A9A-9A4B-2E219F236C67}.Debug.ActiveCfg = Debug|Win32
		{B8CB01BA-150C-4A9A-9A4B-2E219F236C67}.Debug.Build.0 = Debug|Win32
		{B8CB01BA-150C-4A9A-9A4B-2E219F236C67}.Release.ActiveCfg = Unicode Release MinSize|Win32
		{B8CB01BA-150C-4A9A-9A4B-2E219F236C67}.Release.Build.0 = Unicode Release MinSize|Win32
		{B8CB01BA-150C-4A9A-9A4B-2E219F236C67}.Release MinDependency.ActiveCfg = Release MinDependency|Win32
		{B8CB01BA-150C-4A9A-9A4B-2E219F236C67}.Release MinDependency.Build.0 = Release MinDependency|Win32
		{B8CB01BA-150C-4A9A-9A4B-2E219F236C67}.Release MinSize.ActiveCfg = Release MinSize|Win32
		{B8CB01BA-150C-4A9A-9A4B-2E219F236C67}.Release MinSize.Build.0 = Release MinSize|Win32
		{B8CB01BA-150C-4A9A-9A4B-2E219F236C67}.Unicode Debug.ActiveCfg = Unicode Debug|Win32
		{B8CB01BA-150C-4A9A-9A4B-2E219F236C67}.Unicode Debug.Build.0 = Unicode Debug|Win32
		{B8CB01BA-150C-4A9A-9A4B-2E219F236C67}.Unicode Release MinDependency.ActiveCfg = Unicode Release MinDependency|Win32
		{B8CB01BA-150C-4A9A-9A4B-2E219F236C67}.Unicode Release MinDependency.Build.0 = Unicode Release MinDependency|Win32
		{B8CB01BA-150C-4A9A-9A4B-2E219F236C67}.Unicode Release MinSize.ActiveCfg = Unicode Release MinSize|Win32
		{B8CB01BA-150C-4A9A-9A4B-2E219F236C67}.Unicode Release MinSize.Build.0 = Unicode Release MinSize|Win32
		{AF94A5BA-EB98-44E9-95D7-D538453B3835}.Debug.ActiveCfg = Debug|.NET
		{AF94A5BA-EB98-44E9-95D7-D538453B3835}.Debug.Build.0 = Debug|.NET
		{AF94A5BA-EB98-44E9-95D7-D538453B3835}.Release.ActiveCfg = Release|.NET
		{AF94A5BA-EB98-44E9-95D7-D538453B3835}.Release.Build.0 = Release|.NET
		{AF94A5BA-EB98-44E9-95D7-D538453B3835}.Release MinDependency.ActiveCfg = Release|.NET
		{AF94A5BA-EB98-44E9-95D7-D538453B3835}.Release MinDependency.Build.0 = Release|.NET
		{AF94A5BA-EB98-44E9-95D7-D538453B3835}.Release MinSize.ActiveCfg = Release|.NET
		{AF94A5BA-EB98-44E9-95D7-D538453B3835}.Release MinSize.Build.0 = Release|.NET
		{AF94A5BA-EB98-44E9-95D7-D538453B3835}.Unicode Debug.ActiveCfg = Debug|.NET
		{AF94A5BA-EB98-44E9-95D7-D538453B3835}.Unicode Debug.Build.0 = Debug|.NET
		{AF94A5BA-EB98-44E9-95D7-D538453B3835}.Unicode Release MinDependency.ActiveCfg = Release|.NET
		{AF94A5BA-EB98-44E9-95D7-D538453B3835}.Unicode Release MinDependency.Build.0 = Release|.NET
		{AF94A5BA-EB98-44E9-95D7-D538453B3835}.Unicode Release MinSize.ActiveCfg = Release|.NET
		{AF94A5BA-EB98-44E9-95D7-D538453B3835}.Unicode Release MinSize.Build.0 = Release|.NET
		{9847D2D2-52A1-4797-A950-9BD1E0D28515}.Debug.ActiveCfg = Debug|Win32
		{9847D2D2-52A1-4797-A950-9BD1E0D28515}.Debug.Build.0 = Debug|Win32
		{9847D2D2-52A1-4797-A950-9BD1E0D28515}.Release.ActiveCfg = Release|Win32
		{9847D2D2-52A1-4797-A950-9BD1E0D28515}.Release.Build.0 = Release|Win32
		{9847D2D2-52A1-4797-A950-9BD1E0D28515}.Release MinDependency.ActiveCfg = Release|Win32
		{9847D2D2-52A1-4797-A950-9BD1E0D28515}.Release MinDependency.Build.0 = Release|Win32
		{9847D2D2-52A1-4797-A950-9BD1E0D28515}.Release MinSize.ActiveCfg = Release|Win32
		{9847D2D2-52A1-4797-A950-9BD1E0D28515}.Release MinSize.Build.0 = Release|Win32
		{9847D2D2-52A1-4797-A950-9BD1E0D28515}.Unicode Debug.ActiveCfg = Debug|Win32
		{9847D2D2-52A1-4797-A950-9BD1E0D28515}.Unicode Debug.Build.0 = Debug|Win32
		{9847D2D2-52A1-4797-A950-9BD1E0D28515}.Unicode Release MinDependency.ActiveCfg = Release|Win32
		{9847D2D2-52A1-4797-A950-9BD1E0D28515}.Unicode Release MinDependency.Build.0 = Release|Win32
		{9847D2D2-52A1-4797-A950-9BD1E0D28515}.Unicode Release MinSize.ActiveCfg = Release|Win32
		{9847D2D2-52A1-4797-A950-9BD1E0D28515}.Unicode Release MinSize.Build.0 = Release|Win32
		{6DF9EF9B-D557-4298-97A8-6895B167FD2F}.Debug.ActiveCfg = Debug|Win32
		{6DF9EF9B-D557-4298-97A8-6895B167FD2F}.Debug.Build.0 = Debug|Win32
		{6DF9EF9B-D557-4298-97A8-6895B167FD2F}.Release.ActiveCfg = Release|Win32
		{6DF9EF9B-D557-4298-97A8-6895B167FD2F}.Release.Build.0 = Release|Win32
		{6DF9EF9B-D557-4298-97A8-6895B167FD2F}.Release MinDependency.ActiveCfg = Release|Win32
		{6DF9EF9B-D557-4298-97A8-6895B167FD2F}.Release MinDependency.Build.0 = Release|Win32
		{6DF9EF9B-D557-4298-97A8-6895B167FD2F}.Release MinSize.ActiveCfg = Release|Win32
		{6DF9EF9B-D557-4298-97A8-6895B167FD2F}.Release MinSize.Build.0 = Release|Win32
		{6DF9EF9B-D557-4298-97A8-6895B167FD2F}.Unicode Debug.ActiveCfg = Debug|Win32
		{6DF9EF9B-D557-4298-97A8-6895B167FD2F}.Unicode Debug.Build.0 = Debug|Win32
		{6DF9EF9B-D557-4298-97A8-6895B167FD2F}.Unicode Release MinDependency.ActiveCfg = Release|Win32
		{6DF9EF9B-D557-4298-97A8-6895B167FD2F}.Unicode Release MinDependency.Build.0 = Release|Win32
		{6DF9EF9B-D557-4298-97A8-6895B167FD2F}.Unicode Release MinSize.ActiveCfg = Release|Win32
		{6DF9EF9B-D557-4298-97A8-6895B167FD2F}.Unicode Release MinSize.Build.0 = Release|Win32
	EndGlobalSection
	GlobalSection(SolutionItems) = postSolution
		common.h = common.h
		drawer.cpp = drawer.cpp
		drawer.h = drawer.h
		parser.cpp = parser.cpp
		parser.h = parser.h
		perebor.cpp = perebor.cpp
		perebor.h = perebor.h
		Perebor2d.cpp = Perebor2d.cpp
		Perebor2d.h = Perebor2d.h
		perebor_2d.cpp = perebor_2d.cpp
		perebor_2d.h = perebor_2d.h
		raskroy.cpp = raskroy.cpp
		raskroy.h = raskroy.h
		raskroy_nstd.h = raskroy_nstd.h
		stdafx.cpp = stdafx.cpp
		stdafx.h = stdafx.h
		test.cpp = test.cpp
		types.hpp = types.hpp
	EndGlobalSection
	GlobalSection(ExtensibilityGlobals) = postSolution
	EndGlobalSection
	GlobalSection(ExtensibilityAddIns) = postSolution
	EndGlobalSection
EndGlobal
