Microsoft Visual Studio Solution File, Format Version 9.00
# Visual Studio 2005
Project("{8BC9CEB8-8B4A-11D0-8D11-00A0C91BC942}") = "COMRaskroy", "COM\COMRaskroy.vcproj", "{B8CB01BA-150C-4A9A-9A4B-2E219F236C67}"
EndProject
Project("{F184B08F-C81C-45F6-A57F-5ABD9991F28F}") = "ModelingRaskroy", "ModelingRaskroy\ModelingRaskroy.vbproj", "{AF94A5BA-EB98-44E9-95D7-D538453B3835}"
EndProject
Project("{8BC9CEB8-8B4A-11D0-8D11-00A0C91BC942}") = "Planer", "Planer\Planer.vcproj", "{9847D2D2-52A1-4797-A950-9BD1E0D28515}"
EndProject
Project("{8BC9CEB8-8B4A-11D0-8D11-00A0C91BC942}") = "test", "test.vcproj", "{6DF9EF9B-D557-4298-97A8-6895B167FD2F}"
EndProject
Project("{8BC9CEB8-8B4A-11D0-8D11-00A0C91BC942}") = "CuttingOptimizer", "CuttingOptimizer\CuttingOptimizer.vcproj", "{E3D1B48A-C56C-4C17-A001-DB8C9AB9221C}"
EndProject
Project("{FAE04EC0-301F-11D3-BF4B-00C04F79EFBC}") = "CuttingOptimizerTester", "CuttingOptimizerTester\CuttingOptimizerTester.csproj", "{D9CDFD31-BB5F-4297-B4EB-6E2464F0F5DA}"
EndProject
Project("{FAE04EC0-301F-11D3-BF4B-00C04F79EFBC}") = "CuttingConvertors", "CuttingConvertors\CuttingConvertors.csproj", "{F0A96F25-13FA-450C-8A08-14F7868B5570}"
EndProject
Project("{FAE04EC0-301F-11D3-BF4B-00C04F79EFBC}") = "LC4Parser", "LC4Parser\LC4Parser.csproj", "{83C5C11C-F1CA-4792-A4FF-810DCA49F20E}"
EndProject
Global
	GlobalSection(SourceCodeControl) = preSolution
		SccNumberOfProjects = 9
		SccLocalPath0 = .
		CanCheckoutShared = false
		SccProjectUniqueName1 = COM\\COMRaskroy.vcproj
		SccProjectName1 = \u0022$/Denisenko/Raskroy/COM\u0022,\u0020AXBAAAAA
		SccLocalPath1 = COM
		CanCheckoutShared = false
		SccProjectUniqueName2 = ModelingRaskroy\\ModelingRaskroy.vbproj
		SccProjectName2 = \u0022$/Denisenko/Raskroy/ModelingRaskroy\u0022,\u0020BXBAAAAA
		SccLocalPath2 = ModelingRaskroy
		CanCheckoutShared = false
		SccProjectUniqueName3 = Planer\\Planer.vcproj
		SccProjectName3 = \u0022$/Denisenko/Raskroy/Planer\u0022,\u0020CXBAAAAA
		SccLocalPath3 = Planer
		CanCheckoutShared = false
		SccProjectUniqueName4 = test.vcproj
		SccLocalPath4 = .
		CanCheckoutShared = false
		SccProjectUniqueName5 = CuttingOptimizer\\CuttingOptimizer.vcproj
		SccLocalPath5 = .
		CanCheckoutShared = false
		SccProjectFilePathRelativizedFromConnection5 = CuttingOptimizer\\
		SccProjectUniqueName6 = CuttingConvertors\\CuttingConvertors.csproj
		SccLocalPath6 = .
		CanCheckoutShared = false
		SccProjectFilePathRelativizedFromConnection6 = CuttingConvertors\\
		SccProjectUniqueName7 = CuttingOptimizerTester\\CuttingOptimizerTester.csproj
		SccLocalPath7 = .
		CanCheckoutShared = false
		SccProjectFilePathRelativizedFromConnection7 = CuttingOptimizerTester\\
		SccProjectUniqueName8 = LC4Parser\\LC4Parser.csproj
		SccLocalPath8 = .
		CanCheckoutShared = false
		SccProjectFilePathRelativizedFromConnection8 = LC4Parser\\
	EndGlobalSection
	GlobalSection(SolutionConfigurationPlatforms) = preSolution
		Debug|Any CPU = Debug|Any CPU
		Debug|Mixed Platforms = Debug|Mixed Platforms
		Debug|Win32 = Debug|Win32
		Release MinDependency|Any CPU = Release MinDependency|Any CPU
		Release MinDependency|Mixed Platforms = Release MinDependency|Mixed Platforms
		Release MinDependency|Win32 = Release MinDependency|Win32
		Release MinSize|Any CPU = Release MinSize|Any CPU
		Release MinSize|Mixed Platforms = Release MinSize|Mixed Platforms
		Release MinSize|Win32 = Release MinSize|Win32
		Release|Any CPU = Release|Any CPU
		Release|Mixed Platforms = Release|Mixed Platforms
		Release|Win32 = Release|Win32
		Unicode Debug|Any CPU = Unicode Debug|Any CPU
		Unicode Debug|Mixed Platforms = Unicode Debug|Mixed Platforms
		Unicode Debug|Win32 = Unicode Debug|Win32
		Unicode Release MinDependency|Any CPU = Unicode Release MinDependency|Any CPU
		Unicode Release MinDependency|Mixed Platforms = Unicode Release MinDependency|Mixed Platforms
		Unicode Release MinDependency|Win32 = Unicode Release MinDependency|Win32
		Unicode Release MinSize|Any CPU = Unicode Release MinSize|Any CPU
		Unicode Release MinSize|Mixed Platforms = Unicode Release MinSize|Mixed Platforms
		Unicode Release MinSize|Win32 = Unicode Release MinSize|Win32
	EndGlobalSection
	GlobalSection(ProjectConfigurationPlatforms) = postSolution
		{B8CB01BA-150C-4A9A-9A4B-2E219F236C67}.Debug|Any CPU.ActiveCfg = Debug|Win32
		{B8CB01BA-150C-4A9A-9A4B-2E219F236C67}.Debug|Mixed Platforms.ActiveCfg = Debug|Win32
		{B8CB01BA-150C-4A9A-9A4B-2E219F236C67}.Debug|Mixed Platforms.Build.0 = Debug|Win32
		{B8CB01BA-150C-4A9A-9A4B-2E219F236C67}.Debug|Win32.ActiveCfg = Debug|Win32
		{B8CB01BA-150C-4A9A-9A4B-2E219F236C67}.Debug|Win32.Build.0 = Debug|Win32
		{B8CB01BA-150C-4A9A-9A4B-2E219F236C67}.Release MinDependency|Any CPU.ActiveCfg = Release MinDependency|Win32
		{B8CB01BA-150C-4A9A-9A4B-2E219F236C67}.Release MinDependency|Mixed Platforms.ActiveCfg = Release MinDependency|Win32
		{B8CB01BA-150C-4A9A-9A4B-2E219F236C67}.Release MinDependency|Mixed Platforms.Build.0 = Release MinDependency|Win32
		{B8CB01BA-150C-4A9A-9A4B-2E219F236C67}.Release MinDependency|Win32.ActiveCfg = Release MinDependency|Win32
		{B8CB01BA-150C-4A9A-9A4B-2E219F236C67}.Release MinDependency|Win32.Build.0 = Release MinDependency|Win32
		{B8CB01BA-150C-4A9A-9A4B-2E219F236C67}.Release MinSize|Any CPU.ActiveCfg = Release MinSize|Win32
		{B8CB01BA-150C-4A9A-9A4B-2E219F236C67}.Release MinSize|Mixed Platforms.ActiveCfg = Release MinSize|Win32
		{B8CB01BA-150C-4A9A-9A4B-2E219F236C67}.Release MinSize|Mixed Platforms.Build.0 = Release MinSize|Win32
		{B8CB01BA-150C-4A9A-9A4B-2E219F236C67}.Release MinSize|Win32.ActiveCfg = Release MinSize|Win32
		{B8CB01BA-150C-4A9A-9A4B-2E219F236C67}.Release MinSize|Win32.Build.0 = Release MinSize|Win32
		{B8CB01BA-150C-4A9A-9A4B-2E219F236C67}.Release|Any CPU.ActiveCfg = Release MinDependency|Win32
		{B8CB01BA-150C-4A9A-9A4B-2E219F236C67}.Release|Mixed Platforms.ActiveCfg = Unicode Release MinSize|Win32
		{B8CB01BA-150C-4A9A-9A4B-2E219F236C67}.Release|Mixed Platforms.Build.0 = Unicode Release MinSize|Win32
		{B8CB01BA-150C-4A9A-9A4B-2E219F236C67}.Release|Win32.ActiveCfg = Release MinDependency|Win32
		{B8CB01BA-150C-4A9A-9A4B-2E219F236C67}.Release|Win32.Build.0 = Release MinDependency|Win32
		{B8CB01BA-150C-4A9A-9A4B-2E219F236C67}.Unicode Debug|Any CPU.ActiveCfg = Unicode Debug|Win32
		{B8CB01BA-150C-4A9A-9A4B-2E219F236C67}.Unicode Debug|Mixed Platforms.ActiveCfg = Unicode Debug|Win32
		{B8CB01BA-150C-4A9A-9A4B-2E219F236C67}.Unicode Debug|Mixed Platforms.Build.0 = Unicode Debug|Win32
		{B8CB01BA-150C-4A9A-9A4B-2E219F236C67}.Unicode Debug|Win32.ActiveCfg = Unicode Debug|Win32
		{B8CB01BA-150C-4A9A-9A4B-2E219F236C67}.Unicode Debug|Win32.Build.0 = Unicode Debug|Win32
		{B8CB01BA-150C-4A9A-9A4B-2E219F236C67}.Unicode Release MinDependency|Any CPU.ActiveCfg = Unicode Release MinDependency|Win32
		{B8CB01BA-150C-4A9A-9A4B-2E219F236C67}.Unicode Release MinDependency|Mixed Platforms.ActiveCfg = Unicode Release MinDependency|Win32
		{B8CB01BA-150C-4A9A-9A4B-2E219F236C67}.Unicode Release MinDependency|Mixed Platforms.Build.0 = Unicode Release MinDependency|Win32
		{B8CB01BA-150C-4A9A-9A4B-2E219F236C67}.Unicode Release MinDependency|Win32.ActiveCfg = Unicode Release MinDependency|Win32
		{B8CB01BA-150C-4A9A-9A4B-2E219F236C67}.Unicode Release MinDependency|Win32.Build.0 = Unicode Release MinDependency|Win32
		{B8CB01BA-150C-4A9A-9A4B-2E219F236C67}.Unicode Release MinSize|Any CPU.ActiveCfg = Unicode Release MinSize|Win32
		{B8CB01BA-150C-4A9A-9A4B-2E219F236C67}.Unicode Release MinSize|Mixed Platforms.ActiveCfg = Unicode Release MinSize|Win32
		{B8CB01BA-150C-4A9A-9A4B-2E219F236C67}.Unicode Release MinSize|Mixed Platforms.Build.0 = Unicode Release MinSize|Win32
		{B8CB01BA-150C-4A9A-9A4B-2E219F236C67}.Unicode Release MinSize|Win32.ActiveCfg = Unicode Release MinSize|Win32
		{B8CB01BA-150C-4A9A-9A4B-2E219F236C67}.Unicode Release MinSize|Win32.Build.0 = Unicode Release MinSize|Win32
		{AF94A5BA-EB98-44E9-95D7-D538453B3835}.Debug|Any CPU.ActiveCfg = Debug|Any CPU
		{AF94A5BA-EB98-44E9-95D7-D538453B3835}.Debug|Any CPU.Build.0 = Debug|Any CPU
		{AF94A5BA-EB98-44E9-95D7-D538453B3835}.Debug|Mixed Platforms.ActiveCfg = Debug|Any CPU
		{AF94A5BA-EB98-44E9-95D7-D538453B3835}.Debug|Mixed Platforms.Build.0 = Debug|Any CPU
		{AF94A5BA-EB98-44E9-95D7-D538453B3835}.Debug|Win32.ActiveCfg = Debug|Any CPU
		{AF94A5BA-EB98-44E9-95D7-D538453B3835}.Release MinDependency|Any CPU.ActiveCfg = Release|Any CPU
		{AF94A5BA-EB98-44E9-95D7-D538453B3835}.Release MinDependency|Any CPU.Build.0 = Release|Any CPU
		{AF94A5BA-EB98-44E9-95D7-D538453B3835}.Release MinDependency|Mixed Platforms.ActiveCfg = Release|Any CPU
		{AF94A5BA-EB98-44E9-95D7-D538453B3835}.Release MinDependency|Mixed Platforms.Build.0 = Release|Any CPU
		{AF94A5BA-EB98-44E9-95D7-D538453B3835}.Release MinDependency|Win32.ActiveCfg = Release|Any CPU
		{AF94A5BA-EB98-44E9-95D7-D538453B3835}.Release MinSize|Any CPU.ActiveCfg = Release|Any CPU
		{AF94A5BA-EB98-44E9-95D7-D538453B3835}.Release MinSize|Any CPU.Build.0 = Release|Any CPU
		{AF94A5BA-EB98-44E9-95D7-D538453B3835}.Release MinSize|Mixed Platforms.ActiveCfg = Release|Any CPU
		{AF94A5BA-EB98-44E9-95D7-D538453B3835}.Release MinSize|Mixed Platforms.Build.0 = Release|Any CPU
		{AF94A5BA-EB98-44E9-95D7-D538453B3835}.Release MinSize|Win32.ActiveCfg = Release|Any CPU
		{AF94A5BA-EB98-44E9-95D7-D538453B3835}.Release|Any CPU.ActiveCfg = Release|Any CPU
		{AF94A5BA-EB98-44E9-95D7-D538453B3835}.Release|Any CPU.Build.0 = Release|Any CPU
		{AF94A5BA-EB98-44E9-95D7-D538453B3835}.Release|Mixed Platforms.ActiveCfg = Release|Any CPU
		{AF94A5BA-EB98-44E9-95D7-D538453B3835}.Release|Mixed Platforms.Build.0 = Release|Any CPU
		{AF94A5BA-EB98-44E9-95D7-D538453B3835}.Release|Win32.ActiveCfg = Release|Any CPU
		{AF94A5BA-EB98-44E9-95D7-D538453B3835}.Unicode Debug|Any CPU.ActiveCfg = Debug|Any CPU
		{AF94A5BA-EB98-44E9-95D7-D538453B3835}.Unicode Debug|Any CPU.Build.0 = Debug|Any CPU
		{AF94A5BA-EB98-44E9-95D7-D538453B3835}.Unicode Debug|Mixed Platforms.ActiveCfg = Debug|Any CPU
		{AF94A5BA-EB98-44E9-95D7-D538453B3835}.Unicode Debug|Mixed Platforms.Build.0 = Debug|Any CPU
		{AF94A5BA-EB98-44E9-95D7-D538453B3835}.Unicode Debug|Win32.ActiveCfg = Debug|Any CPU
		{AF94A5BA-EB98-44E9-95D7-D538453B3835}.Unicode Release MinDependency|Any CPU.ActiveCfg = Release|Any CPU
		{AF94A5BA-EB98-44E9-95D7-D538453B3835}.Unicode Release MinDependency|Any CPU.Build.0 = Release|Any CPU
		{AF94A5BA-EB98-44E9-95D7-D538453B3835}.Unicode Release MinDependency|Mixed Platforms.ActiveCfg = Release|Any CPU
		{AF94A5BA-EB98-44E9-95D7-D538453B3835}.Unicode Release MinDependency|Mixed Platforms.Build.0 = Release|Any CPU
		{AF94A5BA-EB98-44E9-95D7-D538453B3835}.Unicode Release MinDependency|Win32.ActiveCfg = Release|Any CPU
		{AF94A5BA-EB98-44E9-95D7-D538453B3835}.Unicode Release MinSize|Any CPU.ActiveCfg = Release|Any CPU
		{AF94A5BA-EB98-44E9-95D7-D538453B3835}.Unicode Release MinSize|Any CPU.Build.0 = Release|Any CPU
		{AF94A5BA-EB98-44E9-95D7-D538453B3835}.Unicode Release MinSize|Mixed Platforms.ActiveCfg = Release|Any CPU
		{AF94A5BA-EB98-44E9-95D7-D538453B3835}.Unicode Release MinSize|Mixed Platforms.Build.0 = Release|Any CPU
		{AF94A5BA-EB98-44E9-95D7-D538453B3835}.Unicode Release MinSize|Win32.ActiveCfg = Release|Any CPU
		{9847D2D2-52A1-4797-A950-9BD1E0D28515}.Debug|Any CPU.ActiveCfg = Debug|Win32
		{9847D2D2-52A1-4797-A950-9BD1E0D28515}.Debug|Mixed Platforms.ActiveCfg = Debug|Win32
		{9847D2D2-52A1-4797-A950-9BD1E0D28515}.Debug|Mixed Platforms.Build.0 = Debug|Win32
		{9847D2D2-52A1-4797-A950-9BD1E0D28515}.Debug|Win32.ActiveCfg = Debug|Win32
		{9847D2D2-52A1-4797-A950-9BD1E0D28515}.Debug|Win32.Build.0 = Debug|Win32
		{9847D2D2-52A1-4797-A950-9BD1E0D28515}.Release MinDependency|Any CPU.ActiveCfg = Release|Win32
		{9847D2D2-52A1-4797-A950-9BD1E0D28515}.Release MinDependency|Mixed Platforms.ActiveCfg = Release|Win32
		{9847D2D2-52A1-4797-A950-9BD1E0D28515}.Release MinDependency|Mixed Platforms.Build.0 = Release|Win32
		{9847D2D2-52A1-4797-A950-9BD1E0D28515}.Release MinDependency|Win32.ActiveCfg = Release|Win32
		{9847D2D2-52A1-4797-A950-9BD1E0D28515}.Release MinDependency|Win32.Build.0 = Release|Win32
		{9847D2D2-52A1-4797-A950-9BD1E0D28515}.Release MinSize|Any CPU.ActiveCfg = Release|Win32
		{9847D2D2-52A1-4797-A950-9BD1E0D28515}.Release MinSize|Mixed Platforms.ActiveCfg = Release|Win32
		{9847D2D2-52A1-4797-A950-9BD1E0D28515}.Release MinSize|Mixed Platforms.Build.0 = Release|Win32
		{9847D2D2-52A1-4797-A950-9BD1E0D28515}.Release MinSize|Win32.ActiveCfg = Release|Win32
		{9847D2D2-52A1-4797-A950-9BD1E0D28515}.Release MinSize|Win32.Build.0 = Release|Win32
		{9847D2D2-52A1-4797-A950-9BD1E0D28515}.Release|Any CPU.ActiveCfg = Release|Win32
		{9847D2D2-52A1-4797-A950-9BD1E0D28515}.Release|Mixed Platforms.ActiveCfg = Release|Win32
		{9847D2D2-52A1-4797-A950-9BD1E0D28515}.Release|Mixed Platforms.Build.0 = Release|Win32
		{9847D2D2-52A1-4797-A950-9BD1E0D28515}.Release|Win32.ActiveCfg = Release|Win32
		{9847D2D2-52A1-4797-A950-9BD1E0D28515}.Release|Win32.Build.0 = Release|Win32
		{9847D2D2-52A1-4797-A950-9BD1E0D28515}.Unicode Debug|Any CPU.ActiveCfg = Debug|Win32
		{9847D2D2-52A1-4797-A950-9BD1E0D28515}.Unicode Debug|Mixed Platforms.ActiveCfg = Debug|Win32
		{9847D2D2-52A1-4797-A950-9BD1E0D28515}.Unicode Debug|Mixed Platforms.Build.0 = Debug|Win32
		{9847D2D2-52A1-4797-A950-9BD1E0D28515}.Unicode Debug|Win32.ActiveCfg = Debug|Win32
		{9847D2D2-52A1-4797-A950-9BD1E0D28515}.Unicode Debug|Win32.Build.0 = Debug|Win32
		{9847D2D2-52A1-4797-A950-9BD1E0D28515}.Unicode Release MinDependency|Any CPU.ActiveCfg = Release|Win32
		{9847D2D2-52A1-4797-A950-9BD1E0D28515}.Unicode Release MinDependency|Mixed Platforms.ActiveCfg = Release|Win32
		{9847D2D2-52A1-4797-A950-9BD1E0D28515}.Unicode Release MinDependency|Mixed Platforms.Build.0 = Release|Win32
		{9847D2D2-52A1-4797-A950-9BD1E0D28515}.Unicode Release MinDependency|Win32.ActiveCfg = Release|Win32
		{9847D2D2-52A1-4797-A950-9BD1E0D28515}.Unicode Release MinDependency|Win32.Build.0 = Release|Win32
		{9847D2D2-52A1-4797-A950-9BD1E0D28515}.Unicode Release MinSize|Any CPU.ActiveCfg = Release|Win32
		{9847D2D2-52A1-4797-A950-9BD1E0D28515}.Unicode Release MinSize|Mixed Platforms.ActiveCfg = Release|Win32
		{9847D2D2-52A1-4797-A950-9BD1E0D28515}.Unicode Release MinSize|Mixed Platforms.Build.0 = Release|Win32
		{9847D2D2-52A1-4797-A950-9BD1E0D28515}.Unicode Release MinSize|Win32.ActiveCfg = Release|Win32
		{9847D2D2-52A1-4797-A950-9BD1E0D28515}.Unicode Release MinSize|Win32.Build.0 = Release|Win32
		{6DF9EF9B-D557-4298-97A8-6895B167FD2F}.Debug|Any CPU.ActiveCfg = Debug|Win32
		{6DF9EF9B-D557-4298-97A8-6895B167FD2F}.Debug|Mixed Platforms.ActiveCfg = Debug|Win32
		{6DF9EF9B-D557-4298-97A8-6895B167FD2F}.Debug|Mixed Platforms.Build.0 = Debug|Win32
		{6DF9EF9B-D557-4298-97A8-6895B167FD2F}.Debug|Win32.ActiveCfg = Debug|Win32
		{6DF9EF9B-D557-4298-97A8-6895B167FD2F}.Debug|Win32.Build.0 = Debug|Win32
		{6DF9EF9B-D557-4298-97A8-6895B167FD2F}.Release MinDependency|Any CPU.ActiveCfg = Release|Win32
		{6DF9EF9B-D557-4298-97A8-6895B167FD2F}.Release MinDependency|Mixed Platforms.ActiveCfg = Release|Win32
		{6DF9EF9B-D557-4298-97A8-6895B167FD2F}.Release MinDependency|Mixed Platforms.Build.0 = Release|Win32
		{6DF9EF9B-D557-4298-97A8-6895B167FD2F}.Release MinDependency|Win32.ActiveCfg = Release|Win32
		{6DF9EF9B-D557-4298-97A8-6895B167FD2F}.Release MinDependency|Win32.Build.0 = Release|Win32
		{6DF9EF9B-D557-4298-97A8-6895B167FD2F}.Release MinSize|Any CPU.ActiveCfg = Release|Win32
		{6DF9EF9B-D557-4298-97A8-6895B167FD2F}.Release MinSize|Mixed Platforms.ActiveCfg = Release|Win32
		{6DF9EF9B-D557-4298-97A8-6895B167FD2F}.Release MinSize|Mixed Platforms.Build.0 = Release|Win32
		{6DF9EF9B-D557-4298-97A8-6895B167FD2F}.Release MinSize|Win32.ActiveCfg = Release|Win32
		{6DF9EF9B-D557-4298-97A8-6895B167FD2F}.Release MinSize|Win32.Build.0 = Release|Win32
		{6DF9EF9B-D557-4298-97A8-6895B167FD2F}.Release|Any CPU.ActiveCfg = Release|Win32
		{6DF9EF9B-D557-4298-97A8-6895B167FD2F}.Release|Mixed Platforms.ActiveCfg = Release|Win32
		{6DF9EF9B-D557-4298-97A8-6895B167FD2F}.Release|Mixed Platforms.Build.0 = Release|Win32
		{6DF9EF9B-D557-4298-97A8-6895B167FD2F}.Release|Win32.ActiveCfg = Release|Win32
		{6DF9EF9B-D557-4298-97A8-6895B167FD2F}.Release|Win32.Build.0 = Release|Win32
		{6DF9EF9B-D557-4298-97A8-6895B167FD2F}.Unicode Debug|Any CPU.ActiveCfg = Debug|Win32
		{6DF9EF9B-D557-4298-97A8-6895B167FD2F}.Unicode Debug|Mixed Platforms.ActiveCfg = Debug|Win32
		{6DF9EF9B-D557-4298-97A8-6895B167FD2F}.Unicode Debug|Mixed Platforms.Build.0 = Debug|Win32
		{6DF9EF9B-D557-4298-97A8-6895B167FD2F}.Unicode Debug|Win32.ActiveCfg = Debug|Win32
		{6DF9EF9B-D557-4298-97A8-6895B167FD2F}.Unicode Debug|Win32.Build.0 = Debug|Win32
		{6DF9EF9B-D557-4298-97A8-6895B167FD2F}.Unicode Release MinDependency|Any CPU.ActiveCfg = Release|Win32
		{6DF9EF9B-D557-4298-97A8-6895B167FD2F}.Unicode Release MinDependency|Mixed Platforms.ActiveCfg = Release|Win32
		{6DF9EF9B-D557-4298-97A8-6895B167FD2F}.Unicode Release MinDependency|Mixed Platforms.Build.0 = Release|Win32
		{6DF9EF9B-D557-4298-97A8-6895B167FD2F}.Unicode Release MinDependency|Win32.ActiveCfg = Release|Win32
		{6DF9EF9B-D557-4298-97A8-6895B167FD2F}.Unicode Release MinDependency|Win32.Build.0 = Release|Win32
		{6DF9EF9B-D557-4298-97A8-6895B167FD2F}.Unicode Release MinSize|Any CPU.ActiveCfg = Release|Win32
		{6DF9EF9B-D557-4298-97A8-6895B167FD2F}.Unicode Release MinSize|Mixed Platforms.ActiveCfg = Release|Win32
		{6DF9EF9B-D557-4298-97A8-6895B167FD2F}.Unicode Release MinSize|Mixed Platforms.Build.0 = Release|Win32
		{6DF9EF9B-D557-4298-97A8-6895B167FD2F}.Unicode Release MinSize|Win32.ActiveCfg = Release|Win32
		{6DF9EF9B-D557-4298-97A8-6895B167FD2F}.Unicode Release MinSize|Win32.Build.0 = Release|Win32
		{E3D1B48A-C56C-4C17-A001-DB8C9AB9221C}.Debug|Any CPU.ActiveCfg = Debug|Win32
		{E3D1B48A-C56C-4C17-A001-DB8C9AB9221C}.Debug|Mixed Platforms.ActiveCfg = Debug|Win32
		{E3D1B48A-C56C-4C17-A001-DB8C9AB9221C}.Debug|Mixed Platforms.Build.0 = Debug|Win32
		{E3D1B48A-C56C-4C17-A001-DB8C9AB9221C}.Debug|Win32.ActiveCfg = Debug|Win32
		{E3D1B48A-C56C-4C17-A001-DB8C9AB9221C}.Debug|Win32.Build.0 = Debug|Win32
		{E3D1B48A-C56C-4C17-A001-DB8C9AB9221C}.Release MinDependency|Any CPU.ActiveCfg = Release|Win32
		{E3D1B48A-C56C-4C17-A001-DB8C9AB9221C}.Release MinDependency|Mixed Platforms.ActiveCfg = Release|Win32
		{E3D1B48A-C56C-4C17-A001-DB8C9AB9221C}.Release MinDependency|Mixed Platforms.Build.0 = Release|Win32
		{E3D1B48A-C56C-4C17-A001-DB8C9AB9221C}.Release MinDependency|Win32.ActiveCfg = Release|Win32
		{E3D1B48A-C56C-4C17-A001-DB8C9AB9221C}.Release MinDependency|Win32.Build.0 = Release|Win32
		{E3D1B48A-C56C-4C17-A001-DB8C9AB9221C}.Release MinSize|Any CPU.ActiveCfg = Release|Win32
		{E3D1B48A-C56C-4C17-A001-DB8C9AB9221C}.Release MinSize|Mixed Platforms.ActiveCfg = Release|Win32
		{E3D1B48A-C56C-4C17-A001-DB8C9AB9221C}.Release MinSize|Mixed Platforms.Build.0 = Release|Win32
		{E3D1B48A-C56C-4C17-A001-DB8C9AB9221C}.Release MinSize|Win32.ActiveCfg = Release|Win32
		{E3D1B48A-C56C-4C17-A001-DB8C9AB9221C}.Release MinSize|Win32.Build.0 = Release|Win32
		{E3D1B48A-C56C-4C17-A001-DB8C9AB9221C}.Release|Any CPU.ActiveCfg = Release|Win32
		{E3D1B48A-C56C-4C17-A001-DB8C9AB9221C}.Release|Mixed Platforms.ActiveCfg = Release|Win32
		{E3D1B48A-C56C-4C17-A001-DB8C9AB9221C}.Release|Mixed Platforms.Build.0 = Release|Win32
		{E3D1B48A-C56C-4C17-A001-DB8C9AB9221C}.Release|Win32.ActiveCfg = Release|Win32
		{E3D1B48A-C56C-4C17-A001-DB8C9AB9221C}.Release|Win32.Build.0 = Release|Win32
		{E3D1B48A-C56C-4C17-A001-DB8C9AB9221C}.Unicode Debug|Any CPU.ActiveCfg = Debug|Win32
		{E3D1B48A-C56C-4C17-A001-DB8C9AB9221C}.Unicode Debug|Mixed Platforms.ActiveCfg = Debug|Win32
		{E3D1B48A-C56C-4C17-A001-DB8C9AB9221C}.Unicode Debug|Mixed Platforms.Build.0 = Debug|Win32
		{E3D1B48A-C56C-4C17-A001-DB8C9AB9221C}.Unicode Debug|Win32.ActiveCfg = Debug|Win32
		{E3D1B48A-C56C-4C17-A001-DB8C9AB9221C}.Unicode Debug|Win32.Build.0 = Debug|Win32
		{E3D1B48A-C56C-4C17-A001-DB8C9AB9221C}.Unicode Release MinDependency|Any CPU.ActiveCfg = Release|Win32
		{E3D1B48A-C56C-4C17-A001-DB8C9AB9221C}.Unicode Release MinDependency|Mixed Platforms.ActiveCfg = Release|Win32
		{E3D1B48A-C56C-4C17-A001-DB8C9AB9221C}.Unicode Release MinDependency|Mixed Platforms.Build.0 = Release|Win32
		{E3D1B48A-C56C-4C17-A001-DB8C9AB9221C}.Unicode Release MinDependency|Win32.ActiveCfg = Release|Win32
		{E3D1B48A-C56C-4C17-A001-DB8C9AB9221C}.Unicode Release MinDependency|Win32.Build.0 = Release|Win32
		{E3D1B48A-C56C-4C17-A001-DB8C9AB9221C}.Unicode Release MinSize|Any CPU.ActiveCfg = Release|Win32
		{E3D1B48A-C56C-4C17-A001-DB8C9AB9221C}.Unicode Release MinSize|Mixed Platforms.ActiveCfg = Release|Win32
		{E3D1B48A-C56C-4C17-A001-DB8C9AB9221C}.Unicode Release MinSize|Mixed Platforms.Build.0 = Release|Win32
		{E3D1B48A-C56C-4C17-A001-DB8C9AB9221C}.Unicode Release MinSize|Win32.ActiveCfg = Release|Win32
		{E3D1B48A-C56C-4C17-A001-DB8C9AB9221C}.Unicode Release MinSize|Win32.Build.0 = Release|Win32
		{D9CDFD31-BB5F-4297-B4EB-6E2464F0F5DA}.Debug|Any CPU.ActiveCfg = Debug|Any CPU
		{D9CDFD31-BB5F-4297-B4EB-6E2464F0F5DA}.Debug|Any CPU.Build.0 = Debug|Any CPU
		{D9CDFD31-BB5F-4297-B4EB-6E2464F0F5DA}.Debug|Mixed Platforms.ActiveCfg = Debug|Any CPU
		{D9CDFD31-BB5F-4297-B4EB-6E2464F0F5DA}.Debug|Mixed Platforms.Build.0 = Debug|Any CPU
		{D9CDFD31-BB5F-4297-B4EB-6E2464F0F5DA}.Debug|Win32.ActiveCfg = Debug|Any CPU
		{D9CDFD31-BB5F-4297-B4EB-6E2464F0F5DA}.Release MinDependency|Any CPU.ActiveCfg = Release|Any CPU
		{D9CDFD31-BB5F-4297-B4EB-6E2464F0F5DA}.Release MinDependency|Any CPU.Build.0 = Release|Any CPU
		{D9CDFD31-BB5F-4297-B4EB-6E2464F0F5DA}.Release MinDependency|Mixed Platforms.ActiveCfg = Release|Any CPU
		{D9CDFD31-BB5F-4297-B4EB-6E2464F0F5DA}.Release MinDependency|Mixed Platforms.Build.0 = Release|Any CPU
		{D9CDFD31-BB5F-4297-B4EB-6E2464F0F5DA}.Release MinDependency|Win32.ActiveCfg = Release|Any CPU
		{D9CDFD31-BB5F-4297-B4EB-6E2464F0F5DA}.Release MinSize|Any CPU.ActiveCfg = Release|Any CPU
		{D9CDFD31-BB5F-4297-B4EB-6E2464F0F5DA}.Release MinSize|Any CPU.Build.0 = Release|Any CPU
		{D9CDFD31-BB5F-4297-B4EB-6E2464F0F5DA}.Release MinSize|Mixed Platforms.ActiveCfg = Release|Any CPU
		{D9CDFD31-BB5F-4297-B4EB-6E2464F0F5DA}.Release MinSize|Mixed Platforms.Build.0 = Release|Any CPU
		{D9CDFD31-BB5F-4297-B4EB-6E2464F0F5DA}.Release MinSize|Win32.ActiveCfg = Release|Any CPU
		{D9CDFD31-BB5F-4297-B4EB-6E2464F0F5DA}.Release|Any CPU.ActiveCfg = Release|Any CPU
		{D9CDFD31-BB5F-4297-B4EB-6E2464F0F5DA}.Release|Any CPU.Build.0 = Release|Any CPU
		{D9CDFD31-BB5F-4297-B4EB-6E2464F0F5DA}.Release|Mixed Platforms.ActiveCfg = Release|Any CPU
		{D9CDFD31-BB5F-4297-B4EB-6E2464F0F5DA}.Release|Mixed Platforms.Build.0 = Release|Any CPU
		{D9CDFD31-BB5F-4297-B4EB-6E2464F0F5DA}.Release|Win32.ActiveCfg = Release|Any CPU
		{D9CDFD31-BB5F-4297-B4EB-6E2464F0F5DA}.Unicode Debug|Any CPU.ActiveCfg = Debug|Any CPU
		{D9CDFD31-BB5F-4297-B4EB-6E2464F0F5DA}.Unicode Debug|Any CPU.Build.0 = Debug|Any CPU
		{D9CDFD31-BB5F-4297-B4EB-6E2464F0F5DA}.Unicode Debug|Mixed Platforms.ActiveCfg = Debug|Any CPU
		{D9CDFD31-BB5F-4297-B4EB-6E2464F0F5DA}.Unicode Debug|Mixed Platforms.Build.0 = Debug|Any CPU
		{D9CDFD31-BB5F-4297-B4EB-6E2464F0F5DA}.Unicode Debug|Win32.ActiveCfg = Debug|Any CPU
		{D9CDFD31-BB5F-4297-B4EB-6E2464F0F5DA}.Unicode Release MinDependency|Any CPU.ActiveCfg = Release|Any CPU
		{D9CDFD31-BB5F-4297-B4EB-6E2464F0F5DA}.Unicode Release MinDependency|Any CPU.Build.0 = Release|Any CPU
		{D9CDFD31-BB5F-4297-B4EB-6E2464F0F5DA}.Unicode Release MinDependency|Mixed Platforms.ActiveCfg = Release|Any CPU
		{D9CDFD31-BB5F-4297-B4EB-6E2464F0F5DA}.Unicode Release MinDependency|Mixed Platforms.Build.0 = Release|Any CPU
		{D9CDFD31-BB5F-4297-B4EB-6E2464F0F5DA}.Unicode Release MinDependency|Win32.ActiveCfg = Release|Any CPU
		{D9CDFD31-BB5F-4297-B4EB-6E2464F0F5DA}.Unicode Release MinSize|Any CPU.ActiveCfg = Release|Any CPU
		{D9CDFD31-BB5F-4297-B4EB-6E2464F0F5DA}.Unicode Release MinSize|Any CPU.Build.0 = Release|Any CPU
		{D9CDFD31-BB5F-4297-B4EB-6E2464F0F5DA}.Unicode Release MinSize|Mixed Platforms.ActiveCfg = Release|Any CPU
		{D9CDFD31-BB5F-4297-B4EB-6E2464F0F5DA}.Unicode Release MinSize|Mixed Platforms.Build.0 = Release|Any CPU
		{D9CDFD31-BB5F-4297-B4EB-6E2464F0F5DA}.Unicode Release MinSize|Win32.ActiveCfg = Release|Any CPU
		{F0A96F25-13FA-450C-8A08-14F7868B5570}.Debug|Any CPU.ActiveCfg = Debug|Any CPU
		{F0A96F25-13FA-450C-8A08-14F7868B5570}.Debug|Any CPU.Build.0 = Debug|Any CPU
		{F0A96F25-13FA-450C-8A08-14F7868B5570}.Debug|Mixed Platforms.ActiveCfg = Debug|Any CPU
		{F0A96F25-13FA-450C-8A08-14F7868B5570}.Debug|Mixed Platforms.Build.0 = Debug|Any CPU
		{F0A96F25-13FA-450C-8A08-14F7868B5570}.Debug|Win32.ActiveCfg = Debug|Any CPU
		{F0A96F25-13FA-450C-8A08-14F7868B5570}.Release MinDependency|Any CPU.ActiveCfg = Release|Any CPU
		{F0A96F25-13FA-450C-8A08-14F7868B5570}.Release MinDependency|Any CPU.Build.0 = Release|Any CPU
		{F0A96F25-13FA-450C-8A08-14F7868B5570}.Release MinDependency|Mixed Platforms.ActiveCfg = Release|Any CPU
		{F0A96F25-13FA-450C-8A08-14F7868B5570}.Release MinDependency|Mixed Platforms.Build.0 = Release|Any CPU
		{F0A96F25-13FA-450C-8A08-14F7868B5570}.Release MinDependency|Win32.ActiveCfg = Release|Any CPU
		{F0A96F25-13FA-450C-8A08-14F7868B5570}.Release MinSize|Any CPU.ActiveCfg = Release|Any CPU
		{F0A96F25-13FA-450C-8A08-14F7868B5570}.Release MinSize|Any CPU.Build.0 = Release|Any CPU
		{F0A96F25-13FA-450C-8A08-14F7868B5570}.Release MinSize|Mixed Platforms.ActiveCfg = Release|Any CPU
		{F0A96F25-13FA-450C-8A08-14F7868B5570}.Release MinSize|Mixed Platforms.Build.0 = Release|Any CPU
		{F0A96F25-13FA-450C-8A08-14F7868B5570}.Release MinSize|Win32.ActiveCfg = Release|Any CPU
		{F0A96F25-13FA-450C-8A08-14F7868B5570}.Release|Any CPU.ActiveCfg = Release|Any CPU
		{F0A96F25-13FA-450C-8A08-14F7868B5570}.Release|Any CPU.Build.0 = Release|Any CPU
		{F0A96F25-13FA-450C-8A08-14F7868B5570}.Release|Mixed Platforms.ActiveCfg = Release|Any CPU
		{F0A96F25-13FA-450C-8A08-14F7868B5570}.Release|Mixed Platforms.Build.0 = Release|Any CPU
		{F0A96F25-13FA-450C-8A08-14F7868B5570}.Release|Win32.ActiveCfg = Release|Any CPU
		{F0A96F25-13FA-450C-8A08-14F7868B5570}.Unicode Debug|Any CPU.ActiveCfg = Debug|Any CPU
		{F0A96F25-13FA-450C-8A08-14F7868B5570}.Unicode Debug|Any CPU.Build.0 = Debug|Any CPU
		{F0A96F25-13FA-450C-8A08-14F7868B5570}.Unicode Debug|Mixed Platforms.ActiveCfg = Debug|Any CPU
		{F0A96F25-13FA-450C-8A08-14F7868B5570}.Unicode Debug|Mixed Platforms.Build.0 = Debug|Any CPU
		{F0A96F25-13FA-450C-8A08-14F7868B5570}.Unicode Debug|Win32.ActiveCfg = Debug|Any CPU
		{F0A96F25-13FA-450C-8A08-14F7868B5570}.Unicode Release MinDependency|Any CPU.ActiveCfg = Release|Any CPU
		{F0A96F25-13FA-450C-8A08-14F7868B5570}.Unicode Release MinDependency|Any CPU.Build.0 = Release|Any CPU
		{F0A96F25-13FA-450C-8A08-14F7868B5570}.Unicode Release MinDependency|Mixed Platforms.ActiveCfg = Release|Any CPU
		{F0A96F25-13FA-450C-8A08-14F7868B5570}.Unicode Release MinDependency|Mixed Platforms.Build.0 = Release|Any CPU
		{F0A96F25-13FA-450C-8A08-14F7868B5570}.Unicode Release MinDependency|Win32.ActiveCfg = Release|Any CPU
		{F0A96F25-13FA-450C-8A08-14F7868B5570}.Unicode Release MinSize|Any CPU.ActiveCfg = Release|Any CPU
		{F0A96F25-13FA-450C-8A08-14F7868B5570}.Unicode Release MinSize|Any CPU.Build.0 = Release|Any CPU
		{F0A96F25-13FA-450C-8A08-14F7868B5570}.Unicode Release MinSize|Mixed Platforms.ActiveCfg = Release|Any CPU
		{F0A96F25-13FA-450C-8A08-14F7868B5570}.Unicode Release MinSize|Mixed Platforms.Build.0 = Release|Any CPU
		{F0A96F25-13FA-450C-8A08-14F7868B5570}.Unicode Release MinSize|Win32.ActiveCfg = Release|Any CPU
		{83C5C11C-F1CA-4792-A4FF-810DCA49F20E}.Debug|Any CPU.ActiveCfg = Debug|Any CPU
		{83C5C11C-F1CA-4792-A4FF-810DCA49F20E}.Debug|Any CPU.Build.0 = Debug|Any CPU
		{83C5C11C-F1CA-4792-A4FF-810DCA49F20E}.Debug|Mixed Platforms.ActiveCfg = Debug|Any CPU
		{83C5C11C-F1CA-4792-A4FF-810DCA49F20E}.Debug|Mixed Platforms.Build.0 = Debug|Any CPU
		{83C5C11C-F1CA-4792-A4FF-810DCA49F20E}.Debug|Win32.ActiveCfg = Debug|Any CPU
		{83C5C11C-F1CA-4792-A4FF-810DCA49F20E}.Release MinDependency|Any CPU.ActiveCfg = Release|Any CPU
		{83C5C11C-F1CA-4792-A4FF-810DCA49F20E}.Release MinDependency|Any CPU.Build.0 = Release|Any CPU
		{83C5C11C-F1CA-4792-A4FF-810DCA49F20E}.Release MinDependency|Mixed Platforms.ActiveCfg = Release|Any CPU
		{83C5C11C-F1CA-4792-A4FF-810DCA49F20E}.Release MinDependency|Mixed Platforms.Build.0 = Release|Any CPU
		{83C5C11C-F1CA-4792-A4FF-810DCA49F20E}.Release MinDependency|Win32.ActiveCfg = Release|Any CPU
		{83C5C11C-F1CA-4792-A4FF-810DCA49F20E}.Release MinSize|Any CPU.ActiveCfg = Release|Any CPU
		{83C5C11C-F1CA-4792-A4FF-810DCA49F20E}.Release MinSize|Any CPU.Build.0 = Release|Any CPU
		{83C5C11C-F1CA-4792-A4FF-810DCA49F20E}.Release MinSize|Mixed Platforms.ActiveCfg = Release|Any CPU
		{83C5C11C-F1CA-4792-A4FF-810DCA49F20E}.Release MinSize|Mixed Platforms.Build.0 = Release|Any CPU
		{83C5C11C-F1CA-4792-A4FF-810DCA49F20E}.Release MinSize|Win32.ActiveCfg = Release|Any CPU
		{83C5C11C-F1CA-4792-A4FF-810DCA49F20E}.Release|Any CPU.ActiveCfg = Release|Any CPU
		{83C5C11C-F1CA-4792-A4FF-810DCA49F20E}.Release|Any CPU.Build.0 = Release|Any CPU
		{83C5C11C-F1CA-4792-A4FF-810DCA49F20E}.Release|Mixed Platforms.ActiveCfg = Release|Any CPU
		{83C5C11C-F1CA-4792-A4FF-810DCA49F20E}.Release|Mixed Platforms.Build.0 = Release|Any CPU
		{83C5C11C-F1CA-4792-A4FF-810DCA49F20E}.Release|Win32.ActiveCfg = Release|Any CPU
		{83C5C11C-F1CA-4792-A4FF-810DCA49F20E}.Unicode Debug|Any CPU.ActiveCfg = Debug|Any CPU
		{83C5C11C-F1CA-4792-A4FF-810DCA49F20E}.Unicode Debug|Any CPU.Build.0 = Debug|Any CPU
		{83C5C11C-F1CA-4792-A4FF-810DCA49F20E}.Unicode Debug|Mixed Platforms.ActiveCfg = Debug|Any CPU
		{83C5C11C-F1CA-4792-A4FF-810DCA49F20E}.Unicode Debug|Mixed Platforms.Build.0 = Debug|Any CPU
		{83C5C11C-F1CA-4792-A4FF-810DCA49F20E}.Unicode Debug|Win32.ActiveCfg = Debug|Any CPU
		{83C5C11C-F1CA-4792-A4FF-810DCA49F20E}.Unicode Release MinDependency|Any CPU.ActiveCfg = Release|Any CPU
		{83C5C11C-F1CA-4792-A4FF-810DCA49F20E}.Unicode Release MinDependency|Any CPU.Build.0 = Release|Any CPU
		{83C5C11C-F1CA-4792-A4FF-810DCA49F20E}.Unicode Release MinDependency|Mixed Platforms.ActiveCfg = Release|Any CPU
		{83C5C11C-F1CA-4792-A4FF-810DCA49F20E}.Unicode Release MinDependency|Mixed Platforms.Build.0 = Release|Any CPU
		{83C5C11C-F1CA-4792-A4FF-810DCA49F20E}.Unicode Release MinDependency|Win32.ActiveCfg = Release|Any CPU
		{83C5C11C-F1CA-4792-A4FF-810DCA49F20E}.Unicode Release MinSize|Any CPU.ActiveCfg = Release|Any CPU
		{83C5C11C-F1CA-4792-A4FF-810DCA49F20E}.Unicode Release MinSize|Any CPU.Build.0 = Release|Any CPU
		{83C5C11C-F1CA-4792-A4FF-810DCA49F20E}.Unicode Release MinSize|Mixed Platforms.ActiveCfg = Release|Any CPU
		{83C5C11C-F1CA-4792-A4FF-810DCA49F20E}.Unicode Release MinSize|Mixed Platforms.Build.0 = Release|Any CPU
		{83C5C11C-F1CA-4792-A4FF-810DCA49F20E}.Unicode Release MinSize|Win32.ActiveCfg = Release|Any CPU
	EndGlobalSection
	GlobalSection(SolutionProperties) = preSolution
		HideSolutionNode = FALSE
	EndGlobalSection
EndGlobal
