
Microsoft Visual Studio Solution File, Format Version 9.00
# Visual Studio 2005
Project("{8BC9CEB9-8B4A-11D0-8D11-00A0C91BC942}") = "baz2lc4.exe", "bin\Debug\baz2lc4.exe", "{0CC6416C-B251-44B1-BE8A-3E04043CBF6A}"
EndProject
Global
	GlobalSection(SolutionConfigurationPlatforms) = preSolution
		Debug|Default = Debug|Default
	EndGlobalSection
	GlobalSection(ProjectConfigurationPlatforms) = postSolution
		{0CC6416C-B251-44B1-BE8A-3E04043CBF6A}.Debug|Default.ActiveCfg = Debug
	EndGlobalSection
	GlobalSection(SolutionProperties) = preSolution
		HideSolutionNode = FALSE
	EndGlobalSection
EndGlobal
