
Microsoft Visual Studio Solution File, Format Version 9.00
# Visual Studio 2005
Project("{FAE04EC0-301F-11D3-BF4B-00C04F79EFBC}") = "lc4Dump", "lc4Dump.csproj", "{974A76D6-30F4-4863-8D5A-D35706CD224A}"
EndProject
Global
	GlobalSection(SolutionConfigurationPlatforms) = preSolution
		Debug|Any CPU = Debug|Any CPU
		Release|Any CPU = Release|Any CPU
	EndGlobalSection
	GlobalSection(ProjectConfigurationPlatforms) = postSolution
		{974A76D6-30F4-4863-8D5A-D35706CD224A}.Debug|Any CPU.ActiveCfg = Debug|Any CPU
		{974A76D6-30F4-4863-8D5A-D35706CD224A}.Debug|Any CPU.Build.0 = Debug|Any CPU
		{974A76D6-30F4-4863-8D5A-D35706CD224A}.Release|Any CPU.ActiveCfg = Release|Any CPU
		{974A76D6-30F4-4863-8D5A-D35706CD224A}.Release|Any CPU.Build.0 = Release|Any CPU
	EndGlobalSection
	GlobalSection(SolutionProperties) = preSolution
		HideSolutionNode = FALSE
	EndGlobalSection
EndGlobal
